
Microsoft Visual Studio Solution File, Format Version 12.00
# Visual Studio Version 17
VisualStudioVersion = 17.10.34928.147
MinimumVisualStudioVersion = 10.0.40219.1
Project("{FAE04EC0-301F-11D3-BF4B-00C04F79EFBC}") = "Quiz.Api", "Quiz.Api\Quiz.Api.csproj", "{C6CE96BF-19A8-436D-9CAE-612739AB273F}"
EndProject
Project("{FAE04EC0-301F-11D3-BF4B-00C04F79EFBC}") = "Quiz.Data", "Quiz.Data\Quiz.Data.csproj", "{98C44EBB-8BF0-41CA-9E5D-D66E26276759}"
EndProject
Project("{FAE04EC0-301F-11D3-BF4B-00C04F79EFBC}") = "Quiz.Application", "Quiz.Application\Quiz.Application.csproj", "{9E0177B9-7525-4C2D-984E-FCA199C7230C}"
EndProject
Global
	GlobalSection(SolutionConfigurationPlatforms) = preSolution
		Debug|Any CPU = Debug|Any CPU
		Release|Any CPU = Release|Any CPU
	EndGlobalSection
	GlobalSection(ProjectConfigurationPlatforms) = postSolution
		{C6CE96BF-19A8-436D-9CAE-612739AB273F}.Debug|Any CPU.ActiveCfg = Debug|Any CPU
		{C6CE96BF-19A8-436D-9CAE-612739AB273F}.Debug|Any CPU.Build.0 = Debug|Any CPU
		{C6CE96BF-19A8-436D-9CAE-612739AB273F}.Release|Any CPU.ActiveCfg = Release|Any CPU
		{C6CE96BF-19A8-436D-9CAE-612739AB273F}.Release|Any CPU.Build.0 = Release|Any CPU
		{98C44EBB-8BF0-41CA-9E5D-D66E26276759}.Debug|Any CPU.ActiveCfg = Debug|Any CPU
		{98C44EBB-8BF0-41CA-9E5D-D66E26276759}.Debug|Any CPU.Build.0 = Debug|Any CPU
		{98C44EBB-8BF0-41CA-9E5D-D66E26276759}.Release|Any CPU.ActiveCfg = Release|Any CPU
		{98C44EBB-8BF0-41CA-9E5D-D66E26276759}.Release|Any CPU.Build.0 = Release|Any CPU
		{9E0177B9-7525-4C2D-984E-FCA199C7230C}.Debug|Any CPU.ActiveCfg = Debug|Any CPU
		{9E0177B9-7525-4C2D-984E-FCA199C7230C}.Debug|Any CPU.Build.0 = Debug|Any CPU
		{9E0177B9-7525-4C2D-984E-FCA199C7230C}.Release|Any CPU.ActiveCfg = Release|Any CPU
		{9E0177B9-7525-4C2D-984E-FCA199C7230C}.Release|Any CPU.Build.0 = Release|Any CPU
	EndGlobalSection
	GlobalSection(SolutionProperties) = preSolution
		HideSolutionNode = FALSE
	EndGlobalSection
	GlobalSection(ExtensibilityGlobals) = postSolution
		SolutionGuid = {7C6CD0D1-2AD7-4B8E-A09F-F6B1061DCC30}
	EndGlobalSection
EndGlobal
